
Microsoft Visual Studio Solution File, Format Version 12.00
# Visual Studio Version 17
VisualStudioVersion = 17.0.32014.148
MinimumVisualStudioVersion = 10.0.40219.1
Project("{FAE04EC0-301F-11D3-BF4B-00C04F79EFBC}") = "Tradez.Sqlite", "src\Tradez.Sqlite\Tradez.Sqlite.csproj", "{95214FC0-4F1D-4850-AAE2-FED25633680C}"
EndProject
Project("{FAE04EC0-301F-11D3-BF4B-00C04F79EFBC}") = "Tradez.Sqlite.Tests", "tests\Tradez.Sqlite.Tests\Tradez.Sqlite.Tests.csproj", "{B0A98BD4-2747-404F-86BC-4F65D36061D1}"
EndProject
Global
	GlobalSection(SolutionConfigurationPlatforms) = preSolution
		Debug|Any CPU = Debug|Any CPU
		Release|Any CPU = Release|Any CPU
	EndGlobalSection
	GlobalSection(ProjectConfigurationPlatforms) = postSolution
		{95214FC0-4F1D-4850-AAE2-FED25633680C}.Debug|Any CPU.ActiveCfg = Debug|Any CPU
		{95214FC0-4F1D-4850-AAE2-FED25633680C}.Debug|Any CPU.Build.0 = Debug|Any CPU
		{95214FC0-4F1D-4850-AAE2-FED25633680C}.Release|Any CPU.ActiveCfg = Release|Any CPU
		{95214FC0-4F1D-4850-AAE2-FED25633680C}.Release|Any CPU.Build.0 = Release|Any CPU
		{B0A98BD4-2747-404F-86BC-4F65D36061D1}.Debug|Any CPU.ActiveCfg = Debug|Any CPU
		{B0A98BD4-2747-404F-86BC-4F65D36061D1}.Debug|Any CPU.Build.0 = Debug|Any CPU
		{B0A98BD4-2747-404F-86BC-4F65D36061D1}.Release|Any CPU.ActiveCfg = Release|Any CPU
		{B0A98BD4-2747-404F-86BC-4F65D36061D1}.Release|Any CPU.Build.0 = Release|Any CPU
	EndGlobalSection
	GlobalSection(SolutionProperties) = preSolution
		HideSolutionNode = FALSE
	EndGlobalSection
	GlobalSection(ExtensibilityGlobals) = postSolution
		SolutionGuid = {DC5D28D9-56F1-41E9-B556-F101B2AEF829}
	EndGlobalSection
EndGlobal
